{
  "originHash" : "1c8570acd768c374523566bbaf75879dfbb77c5acb706471c4e9cc0dbf26a013",
  "pins" : [
    {
      "identity" : "businessmath",
      "kind" : "remoteSourceControl",
      "location" : "https://github.com/jpurnell/BusinessMath",
      "state" : {
        "revision" : "be7047955d69f051bcee790b0a49bda7ce10c7a3",
        "version" : "2.15.0"
      }
    },
    {
      "identity" : "swift-asn1",
      "kind" : "remoteSourceControl",
      "location" : "https://github.com/apple/swift-asn1.git",
      "state" : {
        "revision" : "d9a5b37470adc940d22c3bcd5ca6953a516b727f",
        "version" : "1.7.2"
      }
    },
    {
      "identity" : "swift-collections",
      "kind" : "remoteSourceControl",
      "location" : "https://github.com/apple/swift-collections.git",
      "state" : {
        "revision" : "a0cb0954ecb21e4e31b0070e6ed5674e8556685a",
        "version" : "1.6.0"
      }
    },
    {
      "identity" : "swift-crypto",
      "kind" : "remoteSourceControl",
      "location" : "https://github.com/apple/swift-crypto.git",
      "state" : {
        "revision" : "95ba0316a9b733e92bb6b071255ff46263bbe7dc",
        "version" : "3.15.1"
      }
    },
    {
      "identity" : "swift-docc-plugin",
      "kind" : "remoteSourceControl",
      "location" : "https://github.com/swiftlang/swift-docc-plugin",
      "state" : {
        "revision" : "647c708be89f834fa6a6d4945442793a77ddf5b6",
        "version" : "1.5.0"
      }
    },
    {
      "identity" : "swift-docc-symbolkit",
      "kind" : "remoteSourceControl",
      "location" : "https://github.com/swiftlang/swift-docc-symbolkit",
      "state" : {
        "revision" : "b45d1f2ed151d057b54504d653e0da5552844e34",
        "version" : "1.0.0"
      }
    },
    {
      "identity" : "swift-numerics",
      "kind" : "remoteSourceControl",
      "location" : "https://github.com/apple/swift-numerics",
      "state" : {
        "revision" : "0c0290ff6b24942dadb83a929ffaaa1481df04a2",
        "version" : "1.1.1"
      }
    },
    {
      "identity" : "swift-syntax",
      "kind" : "remoteSourceControl",
      "location" : "https://github.com/swiftlang/swift-syntax.git",
      "state" : {
        "revision" : "0687f71944021d616d34d922343dcef086855920",
        "version" : "600.0.1"
      }
    },
    {
      "identity" : "swiftdeterminism",
      "kind" : "remoteSourceControl",
      "location" : "https://github.com/jpurnell/SwiftDeterminism.git",
      "state" : {
        "revision" : "6c48c1029adf5df1b739f520cdf4e23a2d1ba8c1",
        "version" : "1.1.0"
      }
    },
    {
      "identity" : "swiftexcelcore",
      "kind" : "remoteSourceControl",
      "location" : "https://github.com/jpurnell/SwiftExcelCore",
      "state" : {
        "revision" : "bf632c94aa28b241a4fbf4d2f49de7f9ea3a11ca",
        "version" : "0.5.0"
      }
    },
    {
      "identity" : "swiftxlsx",
      "kind" : "remoteSourceControl",
      "location" : "https://github.com/jpurnell/SwiftXLSX",
      "state" : {
        "revision" : "3c04c7da9f9021f359899a6cbb145339ac948c84",
        "version" : "0.22.0"
      }
    },
    {
      "identity" : "swiftzip",
      "kind" : "remoteSourceControl",
      "location" : "https://github.com/jpurnell/SwiftZIP.git",
      "state" : {
        "revision" : "a5013c96745a5f298f8e9d7f955c3f78fc74f113",
        "version" : "0.6.0"
      }
    }
  ],
  "version" : 3
}
