{
  "originHash" : "73b784f50203f5b5178e25bdc0715b4a3e41ff1307e5e9684ff234b80b51ff0e",
  "pins" : [
    {
      "identity" : "businessmath",
      "kind" : "remoteSourceControl",
      "location" : "https://github.com/jpurnell/BusinessMath",
      "state" : {
        "revision" : "0a7f2f74ee5e94823a4657b1528b13764af450ca",
        "version" : "2.17.0"
      }
    },
    {
      "identity" : "swift-asn1",
      "kind" : "remoteSourceControl",
      "location" : "https://github.com/apple/swift-asn1.git",
      "state" : {
        "revision" : "d9a5b37470adc940d22c3bcd5ca6953a516b727f",
        "version" : "1.7.2"
      }
    },
    {
      "identity" : "swift-collections",
      "kind" : "remoteSourceControl",
      "location" : "https://github.com/apple/swift-collections.git",
      "state" : {
        "revision" : "a0cb0954ecb21e4e31b0070e6ed5674e8556685a",
        "version" : "1.6.0"
      }
    },
    {
      "identity" : "swift-crypto",
      "kind" : "remoteSourceControl",
      "location" : "https://github.com/apple/swift-crypto.git",
      "state" : {
        "revision" : "95ba0316a9b733e92bb6b071255ff46263bbe7dc",
        "version" : "3.15.1"
      }
    },
    {
      "identity" : "swift-docc-plugin",
      "kind" : "remoteSourceControl",
      "location" : "https://github.com/swiftlang/swift-docc-plugin",
      "state" : {
        "revision" : "647c708be89f834fa6a6d4945442793a77ddf5b6",
        "version" : "1.5.0"
      }
    },
    {
      "identity" : "swift-docc-symbolkit",
      "kind" : "remoteSourceControl",
      "location" : "https://github.com/swiftlang/swift-docc-symbolkit",
      "state" : {
        "revision" : "b45d1f2ed151d057b54504d653e0da5552844e34",
        "version" : "1.0.0"
      }
    },
    {
      "identity" : "swift-numerics",
      "kind" : "remoteSourceControl",
      "location" : "https://github.com/apple/swift-numerics",
      "state" : {
        "revision" : "0c0290ff6b24942dadb83a929ffaaa1481df04a2",
        "version" : "1.1.1"
      }
    },
    {
      "identity" : "swift-syntax",
      "kind" : "remoteSourceControl",
      "location" : "https://github.com/swiftlang/swift-syntax.git",
      "state" : {
        "revision" : "0687f71944021d616d34d922343dcef086855920",
        "version" : "600.0.1"
      }
    },
    {
      "identity" : "swiftdeterminism",
      "kind" : "remoteSourceControl",
      "location" : "https://github.com/jpurnell/SwiftDeterminism.git",
      "state" : {
        "revision" : "6c48c1029adf5df1b739f520cdf4e23a2d1ba8c1",
        "version" : "1.1.0"
      }
    },
    {
      "identity" : "swiftexcelcore",
      "kind" : "remoteSourceControl",
      "location" : "https://github.com/jpurnell/SwiftExcelCore",
      "state" : {
        "revision" : "60a7d6bffbbb584ab1c1726219188ff4987d082e",
        "version" : "0.6.0"
      }
    },
    {
      "identity" : "swiftxlsx",
      "kind" : "remoteSourceControl",
      "location" : "https://github.com/jpurnell/SwiftXLSX",
      "state" : {
        "revision" : "6833f5fa4b79d9af40cd16390b091136a7848964",
        "version" : "0.23.0"
      }
    },
    {
      "identity" : "swiftzip",
      "kind" : "remoteSourceControl",
      "location" : "https://github.com/jpurnell/SwiftZIP.git",
      "state" : {
        "revision" : "a5013c96745a5f298f8e9d7f955c3f78fc74f113",
        "version" : "0.6.0"
      }
    }
  ],
  "version" : 3
}
